
Microsoft Visual Studio Solution File, Format Version 12.00
# Visual Studio Version 17
VisualStudioVersion = 17.14.36301.6 d17.14
MinimumVisualStudioVersion = 10.0.40219.1
Project("{FAE04EC0-301F-11D3-BF4B-00C04F79EFBC}") = "ACG2025-reference-implementation", "ACG2025-reference-implementation\ACG2025-reference-implementation.csproj", "{AF18F310-2CFD-4C9A-9236-38F15CE1F40B}"
EndProject
Global
	GlobalSection(SolutionConfigurationPlatforms) = preSolution
		Debug|Any CPU = Debug|Any CPU
		Release|Any CPU = Release|Any CPU
	EndGlobalSection
	GlobalSection(ProjectConfigurationPlatforms) = postSolution
		{AF18F310-2CFD-4C9A-9236-38F15CE1F40B}.Debug|Any CPU.ActiveCfg = Debug|Any CPU
		{AF18F310-2CFD-4C9A-9236-38F15CE1F40B}.Debug|Any CPU.Build.0 = Debug|Any CPU
		{AF18F310-2CFD-4C9A-9236-38F15CE1F40B}.Release|Any CPU.ActiveCfg = Release|Any CPU
		{AF18F310-2CFD-4C9A-9236-38F15CE1F40B}.Release|Any CPU.Build.0 = Release|Any CPU
	EndGlobalSection
	GlobalSection(SolutionProperties) = preSolution
		HideSolutionNode = FALSE
	EndGlobalSection
	GlobalSection(ExtensibilityGlobals) = postSolution
		SolutionGuid = {03235B70-064F-4DD6-AFF7-153CF6CC5DCD}
	EndGlobalSection
EndGlobal
